// !$*UTF8*$!
{
	archiveVersion = 1;
	classes = {
	};
	objectVersion = 56;
	objects = {

/* Begin PBXBuildFile section */
		6D3E4CF229F6C67900A99E04 /* MGalleryViewController.swift in Sources */ = {isa = PBXBuildFile; fileRef = 6D3E4CF129F6C67900A99E04 /* MGalleryViewController.swift */; };
		6D3E4CF629F6C6CB00A99E04 /* MGalleryView.swift in Sources */ = {isa = PBXBuildFile; fileRef = 6D3E4CF529F6C6CB00A99E04 /* MGalleryView.swift */; };
		6D3E4CFA29F6D39400A99E04 /* MGalleryViewViewModel.swift in Sources */ = {isa = PBXBuildFile; fileRef = 6D3E4CF929F6D39400A99E04 /* MGalleryViewViewModel.swift */; };
		6D3E4CFC29F6D4F200A99E04 /* MGalleryCollectionViewCell.swift in Sources */ = {isa = PBXBuildFile; fileRef = 6D3E4CFB29F6D4F200A99E04 /* MGalleryCollectionViewCell.swift */; };
		6D3E4CFF29F7049100A99E04 /* MDetailViewController.swift in Sources */ = {isa = PBXBuildFile; fileRef = 6D3E4CFE29F7049100A99E04 /* MDetailViewController.swift */; };
		6D3E4D0229F704DE00A99E04 /* MDetailView.swift in Sources */ = {isa = PBXBuildFile; fileRef = 6D3E4D0129F704DE00A99E04 /* MDetailView.swift */; };
		6D3E4D0529F7146B00A99E04 /* MKeychainManager.swift in Sources */ = {isa = PBXBuildFile; fileRef = 6D3E4D0429F7146B00A99E04 /* MKeychainManager.swift */; };
		6D3E4D0729F7206500A99E04 /* MCookiesManager.swift in Sources */ = {isa = PBXBuildFile; fileRef = 6D3E4D0629F7206500A99E04 /* MCookiesManager.swift */; };
		6D3E4D0929F7339500A99E04 /* MImageModel.swift in Sources */ = {isa = PBXBuildFile; fileRef = 6D3E4D0829F7339500A99E04 /* MImageModel.swift */; };
		6D3E4D0B29F7341A00A99E04 /* MImageDataModel.swift in Sources */ = {isa = PBXBuildFile; fileRef = 6D3E4D0A29F7341A00A99E04 /* MImageDataModel.swift */; };
		6D3E4D0D29F7344C00A99E04 /* MNetworkManager.swift in Sources */ = {isa = PBXBuildFile; fileRef = 6D3E4D0C29F7344C00A99E04 /* MNetworkManager.swift */; };
		6DE5FCCB29F694D9008D9632 /* AppDelegate.swift in Sources */ = {isa = PBXBuildFile; fileRef = 6DE5FCCA29F694D9008D9632 /* AppDelegate.swift */; };
		6DE5FCCD29F694D9008D9632 /* SceneDelegate.swift in Sources */ = {isa = PBXBuildFile; fileRef = 6DE5FCCC29F694D9008D9632 /* SceneDelegate.swift */; };
		6DE5FCCF29F694D9008D9632 /* MLoginViewController.swift in Sources */ = {isa = PBXBuildFile; fileRef = 6DE5FCCE29F694D9008D9632 /* MLoginViewController.swift */; };
		6DE5FCD429F694DA008D9632 /* Assets.xcassets in Resources */ = {isa = PBXBuildFile; fileRef = 6DE5FCD329F694DA008D9632 /* Assets.xcassets */; };
		6DE5FCD729F694DA008D9632 /* LaunchScreen.storyboard in Resources */ = {isa = PBXBuildFile; fileRef = 6DE5FCD529F694DA008D9632 /* LaunchScreen.storyboard */; };
		6DE5FCE529F6964F008D9632 /* Extensions.swift in Sources */ = {isa = PBXBuildFile; fileRef = 6DE5FCE429F6964F008D9632 /* Extensions.swift */; };
		6DE5FCE729F6985C008D9632 /* MLoginView.swift in Sources */ = {isa = PBXBuildFile; fileRef = 6DE5FCE629F6985C008D9632 /* MLoginView.swift */; };
		6DE5FCE929F6A659008D9632 /* MLoginViewViewModel.swift in Sources */ = {isa = PBXBuildFile; fileRef = 6DE5FCE829F6A659008D9632 /* MLoginViewViewModel.swift */; };
		6DE5FCEB29F6BB05008D9632 /* MAuthorizationWebViewController.swift in Sources */ = {isa = PBXBuildFile; fileRef = 6DE5FCEA29F6BB05008D9632 /* MAuthorizationWebViewController.swift */; };
/* End PBXBuildFile section */

/* Begin PBXFileReference section */
		6D3E4CF129F6C67900A99E04 /* MGalleryViewController.swift */ = {isa = PBXFileReference; lastKnownFileType = sourcecode.swift; path = MGalleryViewController.swift; sourceTree = "<group>"; };
		6D3E4CF529F6C6CB00A99E04 /* MGalleryView.swift */ = {isa = PBXFileReference; lastKnownFileType = sourcecode.swift; path = MGalleryView.swift; sourceTree = "<group>"; };
		6D3E4CF929F6D39400A99E04 /* MGalleryViewViewModel.swift */ = {isa = PBXFileReference; lastKnownFileType = sourcecode.swift; path = MGalleryViewViewModel.swift; sourceTree = "<group>"; };
		6D3E4CFB29F6D4F200A99E04 /* MGalleryCollectionViewCell.swift */ = {isa = PBXFileReference; lastKnownFileType = sourcecode.swift; path = MGalleryCollectionViewCell.swift; sourceTree = "<group>"; };
		6D3E4CFE29F7049100A99E04 /* MDetailViewController.swift */ = {isa = PBXFileReference; lastKnownFileType = sourcecode.swift; path = MDetailViewController.swift; sourceTree = "<group>"; };
		6D3E4D0129F704DE00A99E04 /* MDetailView.swift */ = {isa = PBXFileReference; lastKnownFileType = sourcecode.swift; path = MDetailView.swift; sourceTree = "<group>"; };
		6D3E4D0429F7146B00A99E04 /* MKeychainManager.swift */ = {isa = PBXFileReference; lastKnownFileType = sourcecode.swift; path = MKeychainManager.swift; sourceTree = "<group>"; };
		6D3E4D0629F7206500A99E04 /* MCookiesManager.swift */ = {isa = PBXFileReference; lastKnownFileType = sourcecode.swift; path = MCookiesManager.swift; sourceTree = "<group>"; };
		6D3E4D0829F7339500A99E04 /* MImageModel.swift */ = {isa = PBXFileReference; lastKnownFileType = sourcecode.swift; path = MImageModel.swift; sourceTree = "<group>"; };
		6D3E4D0A29F7341A00A99E04 /* MImageDataModel.swift */ = {isa = PBXFileReference; lastKnownFileType = sourcecode.swift; path = MImageDataModel.swift; sourceTree = "<group>"; };
		6D3E4D0C29F7344C00A99E04 /* MNetworkManager.swift */ = {isa = PBXFileReference; lastKnownFileType = sourcecode.swift; path = MNetworkManager.swift; sourceTree = "<group>"; };
		6DE5FCC729F694D9008D9632 /* MobileUpGallery.app */ = {isa = PBXFileReference; explicitFileType = wrapper.application; includeInIndex = 0; path = MobileUpGallery.app; sourceTree = BUILT_PRODUCTS_DIR; };
		6DE5FCCA29F694D9008D9632 /* AppDelegate.swift */ = {isa = PBXFileReference; lastKnownFileType = sourcecode.swift; path = AppDelegate.swift; sourceTree = "<group>"; };
		6DE5FCCC29F694D9008D9632 /* SceneDelegate.swift */ = {isa = PBXFileReference; lastKnownFileType = sourcecode.swift; path = SceneDelegate.swift; sourceTree = "<group>"; };
		6DE5FCCE29F694D9008D9632 /* MLoginViewController.swift */ = {isa = PBXFileReference; lastKnownFileType = sourcecode.swift; path = MLoginViewController.swift; sourceTree = "<group>"; };
		6DE5FCD329F694DA008D9632 /* Assets.xcassets */ = {isa = PBXFileReference; lastKnownFileType = folder.assetcatalog; path = Assets.xcassets; sourceTree = "<group>"; };
		6DE5FCD629F694DA008D9632 /* Base */ = {isa = PBXFileReference; lastKnownFileType = file.storyboard; name = Base; path = Base.lproj/LaunchScreen.storyboard; sourceTree = "<group>"; };
		6DE5FCD829F694DA008D9632 /* Info.plist */ = {isa = PBXFileReference; lastKnownFileType = text.plist.xml; path = Info.plist; sourceTree = "<group>"; };
		6DE5FCE429F6964F008D9632 /* Extensions.swift */ = {isa = PBXFileReference; lastKnownFileType = sourcecode.swift; path = Extensions.swift; sourceTree = "<group>"; };
		6DE5FCE629F6985C008D9632 /* MLoginView.swift */ = {isa = PBXFileReference; lastKnownFileType = sourcecode.swift; path = MLoginView.swift; sourceTree = "<group>"; };
		6DE5FCE829F6A659008D9632 /* MLoginViewViewModel.swift */ = {isa = PBXFileReference; lastKnownFileType = sourcecode.swift; path = MLoginViewViewModel.swift; sourceTree = "<group>"; };
		6DE5FCEA29F6BB05008D9632 /* MAuthorizationWebViewController.swift */ = {isa = PBXFileReference; lastKnownFileType = sourcecode.swift; path = MAuthorizationWebViewController.swift; sourceTree = "<group>"; };
/* End PBXFileReference section */

/* Begin PBXFrameworksBuildPhase section */
		6DE5FCC429F694D9008D9632 /* Frameworks */ = {
			isa = PBXFrameworksBuildPhase;
			buildActionMask = 2147483647;
			files = (
			);
			runOnlyForDeploymentPostprocessing = 0;
		};
/* End PBXFrameworksBuildPhase section */

/* Begin PBXGroup section */
		6D3E4CEF29F6C62000A99E04 /* Login */ = {
			isa = PBXGroup;
			children = (
				6DE5FCCE29F694D9008D9632 /* MLoginViewController.swift */,
				6DE5FCEA29F6BB05008D9632 /* MAuthorizationWebViewController.swift */,
			);
			path = Login;
			sourceTree = "<group>";
		};
		6D3E4CF029F6C63100A99E04 /* Gallery */ = {
			isa = PBXGroup;
			children = (
				6D3E4CF129F6C67900A99E04 /* MGalleryViewController.swift */,
			);
			path = Gallery;
			sourceTree = "<group>";
		};
		6D3E4CF329F6C69C00A99E04 /* Login */ = {
			isa = PBXGroup;
			children = (
				6DE5FCE629F6985C008D9632 /* MLoginView.swift */,
			);
			path = Login;
			sourceTree = "<group>";
		};
		6D3E4CF429F6C6A700A99E04 /* Gallery */ = {
			isa = PBXGroup;
			children = (
				6D3E4CF529F6C6CB00A99E04 /* MGalleryView.swift */,
				6D3E4CFB29F6D4F200A99E04 /* MGalleryCollectionViewCell.swift */,
			);
			path = Gallery;
			sourceTree = "<group>";
		};
		6D3E4CF729F6D03600A99E04 /* Login */ = {
			isa = PBXGroup;
			children = (
				6DE5FCE829F6A659008D9632 /* MLoginViewViewModel.swift */,
			);
			path = Login;
			sourceTree = "<group>";
		};
		6D3E4CF829F6D36900A99E04 /* Gallery */ = {
			isa = PBXGroup;
			children = (
				6D3E4CF929F6D39400A99E04 /* MGalleryViewViewModel.swift */,
			);
			path = Gallery;
			sourceTree = "<group>";
		};
		6D3E4CFD29F7046300A99E04 /* Detail */ = {
			isa = PBXGroup;
			children = (
				6D3E4CFE29F7049100A99E04 /* MDetailViewController.swift */,
			);
			path = Detail;
			sourceTree = "<group>";
		};
		6D3E4D0029F704B800A99E04 /* Detail */ = {
			isa = PBXGroup;
			children = (
				6D3E4D0129F704DE00A99E04 /* MDetailView.swift */,
			);
			path = Detail;
			sourceTree = "<group>";
		};
		6D3E4D0329F7143500A99E04 /* Managers */ = {
			isa = PBXGroup;
			children = (
				6D3E4D0629F7206500A99E04 /* MCookiesManager.swift */,
				6D3E4D0F29F7346C00A99E04 /* APIClient */,
				6D3E4D0E29F7345100A99E04 /* Keychain */,
			);
			path = Managers;
			sourceTree = "<group>";
		};
		6D3E4D0E29F7345100A99E04 /* Keychain */ = {
			isa = PBXGroup;
			children = (
				6D3E4D0429F7146B00A99E04 /* MKeychainManager.swift */,
			);
			path = Keychain;
			sourceTree = "<group>";
		};
		6D3E4D0F29F7346C00A99E04 /* APIClient */ = {
			isa = PBXGroup;
			children = (
				6D3E4D0C29F7344C00A99E04 /* MNetworkManager.swift */,
			);
			path = APIClient;
			sourceTree = "<group>";
		};
		6DE5FCBE29F694D9008D9632 = {
			isa = PBXGroup;
			children = (
				6DE5FCC929F694D9008D9632 /* MobileUpGallery */,
				6DE5FCC829F694D9008D9632 /* Products */,
			);
			sourceTree = "<group>";
		};
		6DE5FCC829F694D9008D9632 /* Products */ = {
			isa = PBXGroup;
			children = (
				6DE5FCC729F694D9008D9632 /* MobileUpGallery.app */,
			);
			name = Products;
			sourceTree = "<group>";
		};
		6DE5FCC929F694D9008D9632 /* MobileUpGallery */ = {
			isa = PBXGroup;
			children = (
				6DE5FCE329F69608008D9632 /* Application */,
				6D3E4D0329F7143500A99E04 /* Managers */,
				6DE5FCE229F695EA008D9632 /* ViewModels */,
				6DE5FCE129F695DE008D9632 /* Views */,
				6DE5FCE029F695D1008D9632 /* Models */,
				6DE5FCDF29F695AB008D9632 /* Controllers */,
				6DE5FCDE29F6959B008D9632 /* Recources */,
				6DE5FCD829F694DA008D9632 /* Info.plist */,
			);
			path = MobileUpGallery;
			sourceTree = "<group>";
		};
		6DE5FCDE29F6959B008D9632 /* Recources */ = {
			isa = PBXGroup;
			children = (
				6DE5FCD329F694DA008D9632 /* Assets.xcassets */,
			);
			path = Recources;
			sourceTree = "<group>";
		};
		6DE5FCDF29F695AB008D9632 /* Controllers */ = {
			isa = PBXGroup;
			children = (
				6D3E4CEF29F6C62000A99E04 /* Login */,
				6D3E4CF029F6C63100A99E04 /* Gallery */,
				6D3E4CFD29F7046300A99E04 /* Detail */,
			);
			path = Controllers;
			sourceTree = "<group>";
		};
		6DE5FCE029F695D1008D9632 /* Models */ = {
			isa = PBXGroup;
			children = (
				6D3E4D0829F7339500A99E04 /* MImageModel.swift */,
				6D3E4D0A29F7341A00A99E04 /* MImageDataModel.swift */,
			);
			path = Models;
			sourceTree = "<group>";
		};
		6DE5FCE129F695DE008D9632 /* Views */ = {
			isa = PBXGroup;
			children = (
				6D3E4CF329F6C69C00A99E04 /* Login */,
				6D3E4CF429F6C6A700A99E04 /* Gallery */,
				6D3E4D0029F704B800A99E04 /* Detail */,
			);
			path = Views;
			sourceTree = "<group>";
		};
		6DE5FCE229F695EA008D9632 /* ViewModels */ = {
			isa = PBXGroup;
			children = (
				6D3E4CF729F6D03600A99E04 /* Login */,
				6D3E4CF829F6D36900A99E04 /* Gallery */,
			);
			path = ViewModels;
			sourceTree = "<group>";
		};
		6DE5FCE329F69608008D9632 /* Application */ = {
			isa = PBXGroup;
			children = (
				6DE5FCCA29F694D9008D9632 /* AppDelegate.swift */,
				6DE5FCCC29F694D9008D9632 /* SceneDelegate.swift */,
				6DE5FCD529F694DA008D9632 /* LaunchScreen.storyboard */,
				6DE5FCE429F6964F008D9632 /* Extensions.swift */,
			);
			path = Application;
			sourceTree = "<group>";
		};
/* End PBXGroup section */

/* Begin PBXNativeTarget section */
		6DE5FCC629F694D9008D9632 /* MobileUpGallery */ = {
			isa = PBXNativeTarget;
			buildConfigurationList = 6DE5FCDB29F694DA008D9632 /* Build configuration list for PBXNativeTarget "MobileUpGallery" */;
			buildPhases = (
				6DE5FCC329F694D9008D9632 /* Sources */,
				6DE5FCC429F694D9008D9632 /* Frameworks */,
				6DE5FCC529F694D9008D9632 /* Resources */,
			);
			buildRules = (
			);
			dependencies = (
			);
			name = MobileUpGallery;
			productName = MobileUpGallery;
			productReference = 6DE5FCC729F694D9008D9632 /* MobileUpGallery.app */;
			productType = "com.apple.product-type.application";
		};
/* End PBXNativeTarget section */

/* Begin PBXProject section */
		6DE5FCBF29F694D9008D9632 /* Project object */ = {
			isa = PBXProject;
			attributes = {
				BuildIndependentTargetsInParallel = 1;
				LastSwiftUpdateCheck = 1410;
				LastUpgradeCheck = 1410;
				TargetAttributes = {
					6DE5FCC629F694D9008D9632 = {
						CreatedOnToolsVersion = 14.1;
					};
				};
			};
			buildConfigurationList = 6DE5FCC229F694D9008D9632 /* Build configuration list for PBXProject "MobileUpGallery" */;
			compatibilityVersion = "Xcode 14.0";
			developmentRegion = en;
			hasScannedForEncodings = 0;
			knownRegions = (
				en,
				Base,
			);
			mainGroup = 6DE5FCBE29F694D9008D9632;
			productRefGroup = 6DE5FCC829F694D9008D9632 /* Products */;
			projectDirPath = "";
			projectRoot = "";
			targets = (
				6DE5FCC629F694D9008D9632 /* MobileUpGallery */,
			);
		};
/* End PBXProject section */

/* Begin PBXResourcesBuildPhase section */
		6DE5FCC529F694D9008D9632 /* Resources */ = {
			isa = PBXResourcesBuildPhase;
			buildActionMask = 2147483647;
			files = (
				6DE5FCD729F694DA008D9632 /* LaunchScreen.storyboard in Resources */,
				6DE5FCD429F694DA008D9632 /* Assets.xcassets in Resources */,
			);
			runOnlyForDeploymentPostprocessing = 0;
		};
/* End PBXResourcesBuildPhase section */

/* Begin PBXSourcesBuildPhase section */
		6DE5FCC329F694D9008D9632 /* Sources */ = {
			isa = PBXSourcesBuildPhase;
			buildActionMask = 2147483647;
			files = (
				6DE5FCCF29F694D9008D9632 /* MLoginViewController.swift in Sources */,
				6D3E4CFF29F7049100A99E04 /* MDetailViewController.swift in Sources */,
				6D3E4D0729F7206500A99E04 /* MCookiesManager.swift in Sources */,
				6DE5FCCB29F694D9008D9632 /* AppDelegate.swift in Sources */,
				6D3E4D0929F7339500A99E04 /* MImageModel.swift in Sources */,
				6DE5FCCD29F694D9008D9632 /* SceneDelegate.swift in Sources */,
				6D3E4CF629F6C6CB00A99E04 /* MGalleryView.swift in Sources */,
				6D3E4CFC29F6D4F200A99E04 /* MGalleryCollectionViewCell.swift in Sources */,
				6D3E4CFA29F6D39400A99E04 /* MGalleryViewViewModel.swift in Sources */,
				6D3E4D0229F704DE00A99E04 /* MDetailView.swift in Sources */,
				6D3E4CF229F6C67900A99E04 /* MGalleryViewController.swift in Sources */,
				6D3E4D0529F7146B00A99E04 /* MKeychainManager.swift in Sources */,
				6DE5FCEB29F6BB05008D9632 /* MAuthorizationWebViewController.swift in Sources */,
				6DE5FCE929F6A659008D9632 /* MLoginViewViewModel.swift in Sources */,
				6DE5FCE729F6985C008D9632 /* MLoginView.swift in Sources */,
				6D3E4D0B29F7341A00A99E04 /* MImageDataModel.swift in Sources */,
				6D3E4D0D29F7344C00A99E04 /* MNetworkManager.swift in Sources */,
				6DE5FCE529F6964F008D9632 /* Extensions.swift in Sources */,
			);
			runOnlyForDeploymentPostprocessing = 0;
		};
/* End PBXSourcesBuildPhase section */

/* Begin PBXVariantGroup section */
		6DE5FCD529F694DA008D9632 /* LaunchScreen.storyboard */ = {
			isa = PBXVariantGroup;
			children = (
				6DE5FCD629F694DA008D9632 /* Base */,
			);
			name = LaunchScreen.storyboard;
			sourceTree = "<group>";
		};
/* End PBXVariantGroup section */

/* Begin XCBuildConfiguration section */
		6DE5FCD929F694DA008D9632 /* Debug */ = {
			isa = XCBuildConfiguration;
			buildSettings = {
				ALWAYS_SEARCH_USER_PATHS = NO;
				CLANG_ANALYZER_NONNULL = YES;
				CLANG_ANALYZER_NUMBER_OBJECT_CONVERSION = YES_AGGRESSIVE;
				CLANG_CXX_LANGUAGE_STANDARD = "gnu++20";
				CLANG_ENABLE_MODULES = YES;
				CLANG_ENABLE_OBJC_ARC = YES;
				CLANG_ENABLE_OBJC_WEAK = YES;
				CLANG_WARN_BLOCK_CAPTURE_AUTORELEASING = YES;
				CLANG_WARN_BOOL_CONVERSION = YES;
				CLANG_WARN_COMMA = YES;
				CLANG_WARN_CONSTANT_CONVERSION = YES;
				CLANG_WARN_DEPRECATED_OBJC_IMPLEMENTATIONS = YES;
				CLANG_WARN_DIRECT_OBJC_ISA_USAGE = YES_ERROR;
				CLANG_WARN_DOCUMENTATION_COMMENTS = YES;
				CLANG_WARN_EMPTY_BODY = YES;
				CLANG_WARN_ENUM_CONVERSION = YES;
				CLANG_WARN_INFINITE_RECURSION = YES;
				CLANG_WARN_INT_CONVERSION = YES;
				CLANG_WARN_NON_LITERAL_NULL_CONVERSION = YES;
				CLANG_WARN_OBJC_IMPLICIT_RETAIN_SELF = YES;
				CLANG_WARN_OBJC_LITERAL_CONVERSION = YES;
				CLANG_WARN_OBJC_ROOT_CLASS = YES_ERROR;
				CLANG_WARN_QUOTED_INCLUDE_IN_FRAMEWORK_HEADER = YES;
				CLANG_WARN_RANGE_LOOP_ANALYSIS = YES;
				CLANG_WARN_STRICT_PROTOTYPES = YES;
				CLANG_WARN_SUSPICIOUS_MOVE = YES;
				CLANG_WARN_UNGUARDED_AVAILABILITY = YES_AGGRESSIVE;
				CLANG_WARN_UNREACHABLE_CODE = YES;
				CLANG_WARN__DUPLICATE_METHOD_MATCH = YES;
				COPY_PHASE_STRIP = NO;
				DEBUG_INFORMATION_FORMAT = dwarf;
				ENABLE_STRICT_OBJC_MSGSEND = YES;
				ENABLE_TESTABILITY = YES;
				GCC_C_LANGUAGE_STANDARD = gnu11;
				GCC_DYNAMIC_NO_PIC = NO;
				GCC_NO_COMMON_BLOCKS = YES;
				GCC_OPTIMIZATION_LEVEL = 0;
				GCC_PREPROCESSOR_DEFINITIONS = (
					"DEBUG=1",
					"$(inherited)",
				);
				GCC_WARN_64_TO_32_BIT_CONVERSION = YES;
				GCC_WARN_ABOUT_RETURN_TYPE = YES_ERROR;
				GCC_WARN_UNDECLARED_SELECTOR = YES;
				GCC_WARN_UNINITIALIZED_AUTOS = YES_AGGRESSIVE;
				GCC_WARN_UNUSED_FUNCTION = YES;
				GCC_WARN_UNUSED_VARIABLE = YES;
				IPHONEOS_DEPLOYMENT_TARGET = 16.1;
				MTL_ENABLE_DEBUG_INFO = INCLUDE_SOURCE;
				MTL_FAST_MATH = YES;
				ONLY_ACTIVE_ARCH = YES;
				SDKROOT = iphoneos;
				SWIFT_ACTIVE_COMPILATION_CONDITIONS = DEBUG;
				SWIFT_OPTIMIZATION_LEVEL = "-Onone";
			};
			name = Debug;
		};
		6DE5FCDA29F694DA008D9632 /* Release */ = {
			isa = XCBuildConfiguration;
			buildSettings = {
				ALWAYS_SEARCH_USER_PATHS = NO;
				CLANG_ANALYZER_NONNULL = YES;
				CLANG_ANALYZER_NUMBER_OBJECT_CONVERSION = YES_AGGRESSIVE;
				CLANG_CXX_LANGUAGE_STANDARD = "gnu++20";
				CLANG_ENABLE_MODULES = YES;
				CLANG_ENABLE_OBJC_ARC = YES;
				CLANG_ENABLE_OBJC_WEAK = YES;
				CLANG_WARN_BLOCK_CAPTURE_AUTORELEASING = YES;
				CLANG_WARN_BOOL_CONVERSION = YES;
				CLANG_WARN_COMMA = YES;
				CLANG_WARN_CONSTANT_CONVERSION = YES;
				CLANG_WARN_DEPRECATED_OBJC_IMPLEMENTATIONS = YES;
				CLANG_WARN_DIRECT_OBJC_ISA_USAGE = YES_ERROR;
				CLANG_WARN_DOCUMENTATION_COMMENTS = YES;
				CLANG_WARN_EMPTY_BODY = YES;
				CLANG_WARN_ENUM_CONVERSION = YES;
				CLANG_WARN_INFINITE_RECURSION = YES;
				CLANG_WARN_INT_CONVERSION = YES;
				CLANG_WARN_NON_LITERAL_NULL_CONVERSION = YES;
				CLANG_WARN_OBJC_IMPLICIT_RETAIN_SELF = YES;
				CLANG_WARN_OBJC_LITERAL_CONVERSION = YES;
				CLANG_WARN_OBJC_ROOT_CLASS = YES_ERROR;
				CLANG_WARN_QUOTED_INCLUDE_IN_FRAMEWORK_HEADER = YES;
				CLANG_WARN_RANGE_LOOP_ANALYSIS = YES;
				CLANG_WARN_STRICT_PROTOTYPES = YES;
				CLANG_WARN_SUSPICIOUS_MOVE = YES;
				CLANG_WARN_UNGUARDED_AVAILABILITY = YES_AGGRESSIVE;
				CLANG_WARN_UNREACHABLE_CODE = YES;
				CLANG_WARN__DUPLICATE_METHOD_MATCH = YES;
				COPY_PHASE_STRIP = NO;
				DEBUG_INFORMATION_FORMAT = "dwarf-with-dsym";
				ENABLE_NS_ASSERTIONS = NO;
				ENABLE_STRICT_OBJC_MSGSEND = YES;
				GCC_C_LANGUAGE_STANDARD = gnu11;
				GCC_NO_COMMON_BLOCKS = YES;
				GCC_WARN_64_TO_32_BIT_CONVERSION = YES;
				GCC_WARN_ABOUT_RETURN_TYPE = YES_ERROR;
				GCC_WARN_UNDECLARED_SELECTOR = YES;
				GCC_WARN_UNINITIALIZED_AUTOS = YES_AGGRESSIVE;
				GCC_WARN_UNUSED_FUNCTION = YES;
				GCC_WARN_UNUSED_VARIABLE = YES;
				IPHONEOS_DEPLOYMENT_TARGET = 16.1;
				MTL_ENABLE_DEBUG_INFO = NO;
				MTL_FAST_MATH = YES;
				SDKROOT = iphoneos;
				SWIFT_COMPILATION_MODE = wholemodule;
				SWIFT_OPTIMIZATION_LEVEL = "-O";
				VALIDATE_PRODUCT = YES;
			};
			name = Release;
		};
		6DE5FCDC29F694DA008D9632 /* Debug */ = {
			isa = XCBuildConfiguration;
			buildSettings = {
				ASSETCATALOG_COMPILER_APPICON_NAME = AppIcon;
				ASSETCATALOG_COMPILER_GLOBAL_ACCENT_COLOR_NAME = AccentColor;
				CODE_SIGN_STYLE = Automatic;
				CURRENT_PROJECT_VERSION = 1;
				DEVELOPMENT_TEAM = LVNA3L38CZ;
				GENERATE_INFOPLIST_FILE = YES;
				INFOPLIST_FILE = MobileUpGallery/Info.plist;
				INFOPLIST_KEY_NSPhotoLibraryAddUsageDescription = "Please access to allow to save";
				INFOPLIST_KEY_UIApplicationSupportsIndirectInputEvents = YES;
				INFOPLIST_KEY_UILaunchStoryboardName = LaunchScreen;
				INFOPLIST_KEY_UISupportedInterfaceOrientations = UIInterfaceOrientationPortrait;
				INFOPLIST_KEY_UISupportedInterfaceOrientations_iPad = "UIInterfaceOrientationLandscapeLeft UIInterfaceOrientationLandscapeRight UIInterfaceOrientationPortrait UIInterfaceOrientationPortraitUpsideDown";
				IPHONEOS_DEPLOYMENT_TARGET = 15.0;
				LD_RUNPATH_SEARCH_PATHS = (
					"$(inherited)",
					"@executable_path/Frameworks",
				);
				MARKETING_VERSION = 1.0;
				PRODUCT_BUNDLE_IDENTIFIER = com.appYa.MobileUpGallery;
				PRODUCT_NAME = "$(TARGET_NAME)";
				SUPPORTED_PLATFORMS = "iphoneos iphonesimulator";
				SUPPORTS_MACCATALYST = NO;
				SUPPORTS_MAC_DESIGNED_FOR_IPHONE_IPAD = NO;
				SWIFT_EMIT_LOC_STRINGS = YES;
				SWIFT_VERSION = 5.0;
				TARGETED_DEVICE_FAMILY = 1;
			};
			name = Debug;
		};
		6DE5FCDD29F694DA008D9632 /* Release */ = {
			isa = XCBuildConfiguration;
			buildSettings = {
				ASSETCATALOG_COMPILER_APPICON_NAME = AppIcon;
				ASSETCATALOG_COMPILER_GLOBAL_ACCENT_COLOR_NAME = AccentColor;
				CODE_SIGN_STYLE = Automatic;
				CURRENT_PROJECT_VERSION = 1;
				DEVELOPMENT_TEAM = LVNA3L38CZ;
				GENERATE_INFOPLIST_FILE = YES;
				INFOPLIST_FILE = MobileUpGallery/Info.plist;
				INFOPLIST_KEY_NSPhotoLibraryAddUsageDescription = "Please access to allow to save";
				INFOPLIST_KEY_UIApplicationSupportsIndirectInputEvents = YES;
				INFOPLIST_KEY_UILaunchStoryboardName = LaunchScreen;
				INFOPLIST_KEY_UISupportedInterfaceOrientations = UIInterfaceOrientationPortrait;
				INFOPLIST_KEY_UISupportedInterfaceOrientations_iPad = "UIInterfaceOrientationLandscapeLeft UIInterfaceOrientationLandscapeRight UIInterfaceOrientationPortrait UIInterfaceOrientationPortraitUpsideDown";
				IPHONEOS_DEPLOYMENT_TARGET = 15.0;
				LD_RUNPATH_SEARCH_PATHS = (
					"$(inherited)",
					"@executable_path/Frameworks",
				);
				MARKETING_VERSION = 1.0;
				PRODUCT_BUNDLE_IDENTIFIER = com.appYa.MobileUpGallery;
				PRODUCT_NAME = "$(TARGET_NAME)";
				SUPPORTED_PLATFORMS = "iphoneos iphonesimulator";
				SUPPORTS_MACCATALYST = NO;
				SUPPORTS_MAC_DESIGNED_FOR_IPHONE_IPAD = NO;
				SWIFT_EMIT_LOC_STRINGS = YES;
				SWIFT_VERSION = 5.0;
				TARGETED_DEVICE_FAMILY = 1;
			};
			name = Release;
		};
/* End XCBuildConfiguration section */

/* Begin XCConfigurationList section */
		6DE5FCC229F694D9008D9632 /* Build configuration list for PBXProject "MobileUpGallery" */ = {
			isa = XCConfigurationList;
			buildConfigurations = (
				6DE5FCD929F694DA008D9632 /* Debug */,
				6DE5FCDA29F694DA008D9632 /* Release */,
			);
			defaultConfigurationIsVisible = 0;
			defaultConfigurationName = Release;
		};
		6DE5FCDB29F694DA008D9632 /* Build configuration list for PBXNativeTarget "MobileUpGallery" */ = {
			isa = XCConfigurationList;
			buildConfigurations = (
				6DE5FCDC29F694DA008D9632 /* Debug */,
				6DE5FCDD29F694DA008D9632 /* Release */,
			);
			defaultConfigurationIsVisible = 0;
			defaultConfigurationName = Release;
		};
/* End XCConfigurationList section */
	};
	rootObject = 6DE5FCBF29F694D9008D9632 /* Project object */;
}
